
Microsoft Visual Studio Solution File, Format Version 12.00
# Visual Studio Version 17
VisualStudioVersion = 17.6.33829.357
MinimumVisualStudioVersion = 10.0.40219.1
Project("{FAE04EC0-301F-11D3-BF4B-00C04F79EFBC}") = "BoxingUnboxingDemo", "BoxingUnboxingDemo\BoxingUnboxingDemo.csproj", "{AE7C8446-6DB1-4416-8EB6-7D918F1930D7}"
EndProject
Global
	GlobalSection(SolutionConfigurationPlatforms) = preSolution
		Debug|Any CPU = Debug|Any CPU
		Release|Any CPU = Release|Any CPU
	EndGlobalSection
	GlobalSection(ProjectConfigurationPlatforms) = postSolution
		{AE7C8446-6DB1-4416-8EB6-7D918F1930D7}.Debug|Any CPU.ActiveCfg = Debug|Any CPU
		{AE7C8446-6DB1-4416-8EB6-7D918F1930D7}.Debug|Any CPU.Build.0 = Debug|Any CPU
		{AE7C8446-6DB1-4416-8EB6-7D918F1930D7}.Release|Any CPU.ActiveCfg = Release|Any CPU
		{AE7C8446-6DB1-4416-8EB6-7D918F1930D7}.Release|Any CPU.Build.0 = Release|Any CPU
	EndGlobalSection
	GlobalSection(SolutionProperties) = preSolution
		HideSolutionNode = FALSE
	EndGlobalSection
	GlobalSection(ExtensibilityGlobals) = postSolution
		SolutionGuid = {8B3C524F-2111-42DF-82DB-4E05045DBDDF}
	EndGlobalSection
EndGlobal
